
Microsoft Visual Studio Solution File, Format Version 12.00
# Visual Studio Version 17
VisualStudioVersion = 17.3.32929.385
MinimumVisualStudioVersion = 10.0.40219.1
Project("{FAE04EC0-301F-11D3-BF4B-00C04F79EFBC}") = "WordReplacerApp", "WordReplacerApp\WordReplacerApp.csproj", "{0D5ED908-6193-4F47-A948-4700ACACCEDD}"
EndProject
Global
	GlobalSection(SolutionConfigurationPlatforms) = preSolution
		Debug|Any CPU = Debug|Any CPU
		Release|Any CPU = Release|Any CPU
	EndGlobalSection
	GlobalSection(ProjectConfigurationPlatforms) = postSolution
		{0D5ED908-6193-4F47-A948-4700ACACCEDD}.Debug|Any CPU.ActiveCfg = Debug|Any CPU
		{0D5ED908-6193-4F47-A948-4700ACACCEDD}.Debug|Any CPU.Build.0 = Debug|Any CPU
		{0D5ED908-6193-4F47-A948-4700ACACCEDD}.Release|Any CPU.ActiveCfg = Release|Any CPU
		{0D5ED908-6193-4F47-A948-4700ACACCEDD}.Release|Any CPU.Build.0 = Release|Any CPU
	EndGlobalSection
	GlobalSection(SolutionProperties) = preSolution
		HideSolutionNode = FALSE
	EndGlobalSection
	GlobalSection(ExtensibilityGlobals) = postSolution
		SolutionGuid = {0CA91E2B-B146-4854-8AA9-509E4AAA3A88}
	EndGlobalSection
EndGlobal
